
Microsoft Visual Studio Solution File, Format Version 12.00
# Visual Studio Version 17
VisualStudioVersion = 17.0.32014.148
MinimumVisualStudioVersion = 10.0.40219.1
Project("{FAE04EC0-301F-11D3-BF4B-00C04F79EFBC}") = "birthday-cake-candles", "birthday-cake-candles\birthday-cake-candles.csproj", "{CFADF740-892B-4D8C-945F-95484A289978}"
EndProject
Global
	GlobalSection(SolutionConfigurationPlatforms) = preSolution
		Debug|Any CPU = Debug|Any CPU
		Release|Any CPU = Release|Any CPU
	EndGlobalSection
	GlobalSection(ProjectConfigurationPlatforms) = postSolution
		{CFADF740-892B-4D8C-945F-95484A289978}.Debug|Any CPU.ActiveCfg = Debug|Any CPU
		{CFADF740-892B-4D8C-945F-95484A289978}.Debug|Any CPU.Build.0 = Debug|Any CPU
		{CFADF740-892B-4D8C-945F-95484A289978}.Release|Any CPU.ActiveCfg = Release|Any CPU
		{CFADF740-892B-4D8C-945F-95484A289978}.Release|Any CPU.Build.0 = Release|Any CPU
	EndGlobalSection
	GlobalSection(SolutionProperties) = preSolution
		HideSolutionNode = FALSE
	EndGlobalSection
	GlobalSection(ExtensibilityGlobals) = postSolution
		SolutionGuid = {B109BECA-504B-403B-AADC-54680F69F069}
	EndGlobalSection
EndGlobal
