
Microsoft Visual Studio Solution File, Format Version 12.00
# Visual Studio Version 17
VisualStudioVersion = 17.0.32014.148
MinimumVisualStudioVersion = 10.0.40219.1
Project("{FAE04EC0-301F-11D3-BF4B-00C04F79EFBC}") = "grading-student", "grading-student\grading-student.csproj", "{75CE53EA-B1EC-4757-821C-4F7BAF324FB4}"
EndProject
Global
	GlobalSection(SolutionConfigurationPlatforms) = preSolution
		Debug|Any CPU = Debug|Any CPU
		Release|Any CPU = Release|Any CPU
	EndGlobalSection
	GlobalSection(ProjectConfigurationPlatforms) = postSolution
		{75CE53EA-B1EC-4757-821C-4F7BAF324FB4}.Debug|Any CPU.ActiveCfg = Debug|Any CPU
		{75CE53EA-B1EC-4757-821C-4F7BAF324FB4}.Debug|Any CPU.Build.0 = Debug|Any CPU
		{75CE53EA-B1EC-4757-821C-4F7BAF324FB4}.Release|Any CPU.ActiveCfg = Release|Any CPU
		{75CE53EA-B1EC-4757-821C-4F7BAF324FB4}.Release|Any CPU.Build.0 = Release|Any CPU
	EndGlobalSection
	GlobalSection(SolutionProperties) = preSolution
		HideSolutionNode = FALSE
	EndGlobalSection
	GlobalSection(ExtensibilityGlobals) = postSolution
		SolutionGuid = {EB541783-0AD8-4CCD-8705-B55A7BB10C31}
	EndGlobalSection
EndGlobal
