
Microsoft Visual Studio Solution File, Format Version 12.00
# Visual Studio Version 17
VisualStudioVersion = 17.0.32014.148
MinimumVisualStudioVersion = 10.0.40219.1
Project("{FAE04EC0-301F-11D3-BF4B-00C04F79EFBC}") = "time-conversion", "time-conversion\time-conversion.csproj", "{CFEC3418-6036-4AF3-A7AC-39076F4625FC}"
EndProject
Global
	GlobalSection(SolutionConfigurationPlatforms) = preSolution
		Debug|Any CPU = Debug|Any CPU
		Release|Any CPU = Release|Any CPU
	EndGlobalSection
	GlobalSection(ProjectConfigurationPlatforms) = postSolution
		{CFEC3418-6036-4AF3-A7AC-39076F4625FC}.Debug|Any CPU.ActiveCfg = Debug|Any CPU
		{CFEC3418-6036-4AF3-A7AC-39076F4625FC}.Debug|Any CPU.Build.0 = Debug|Any CPU
		{CFEC3418-6036-4AF3-A7AC-39076F4625FC}.Release|Any CPU.ActiveCfg = Release|Any CPU
		{CFEC3418-6036-4AF3-A7AC-39076F4625FC}.Release|Any CPU.Build.0 = Release|Any CPU
	EndGlobalSection
	GlobalSection(SolutionProperties) = preSolution
		HideSolutionNode = FALSE
	EndGlobalSection
	GlobalSection(ExtensibilityGlobals) = postSolution
		SolutionGuid = {3E084932-6BA7-4413-88E3-5169EDEE51A1}
	EndGlobalSection
EndGlobal
